# Generated by pub. Sanitized benchmark subset from the source NBO lockfile.
packages:
  flutter_riverpod:
    dependency: "direct main"
    description:
      name: flutter_riverpod
      url: "https://pub.dev"
    source: hosted
    version: "2.6.1"
  permission_handler:
    dependency: "direct main"
    description:
      name: permission_handler
      url: "https://pub.dev"
    source: hosted
    version: "11.4.0"
  permission_handler_android:
    dependency: transitive
    description:
      name: permission_handler_android
      url: "https://pub.dev"
    source: hosted
    version: "12.1.0"
  riverpod_annotation:
    dependency: "direct main"
    description:
      name: riverpod_annotation
      url: "https://pub.dev"
    source: hosted
    version: "2.6.1"
sdks:
  dart: ">=3.3.4 <4.0.0"
