# Generated by pub. Sanitized benchmark subset from the source NBO lockfile.
packages:
  freezed_annotation:
    dependency: "direct main"
    description:
      name: freezed_annotation
      url: "https://pub.dev"
    source: hosted
    version: "2.4.4"
  flutter_riverpod:
    dependency: "direct main"
    description:
      name: flutter_riverpod
      url: "https://pub.dev"
    source: hosted
    version: "2.6.1"
  permission_handler:
    dependency: "direct main"
    description:
      name: permission_handler
      url: "https://pub.dev"
    source: hosted
    version: "11.4.0"
sdks:
  dart: ">=3.3.4 <4.0.0"
