# This file is automatically @generated by Cargo.

[[package]]
name = "serde"
version = "1.0.228"

[[package]]
name = "tokio"
version = "1.48.0"

[[package]]
name = "serde_json"
version = "1.0.145"

[[package]]
name = "transitive"
version = "0.4.0"

[[package]]
name = "git_helper"
version = "0.2.0"
