packages:
  flutter:
    dependency: "direct main"
    source: sdk
    version: "0.0.0"
  go_router:
    dependency: "direct main"
    source: hosted
    version: "14.8.1"
  local_widgets:
    dependency: "direct main"
    source: path
    version: "1.0.0"
  git_client:
    dependency: "direct main"
    source: git
    version: "0.4.0"
  test:
    dependency: "direct dev"
    source: hosted
    version: "1.25.15"
